PODS:
  - Files (4.0.2)
  - FixedDFUService (4.11.2):
    - ZIPFoundation (= 0.9.11)
  - NaptimeFileProtocol (1.0.0)
  - PromiseKit (6.18.0):
    - PromiseKit/CorePromise (= 6.18.0)
    - PromiseKit/Foundation (= 6.18.0)
    - PromiseKit/UIKit (= 6.18.0)
  - PromiseKit/CorePromise (6.18.0)
  - PromiseKit/Foundation (6.18.0):
    - PromiseKit/CorePromise
  - PromiseKit/UIKit (6.18.0):
    - PromiseKit/CorePromise
  - RxBluetoothKit_Airthings (6.3.2):
    - RxSwift (~> 6.5.0)
  - RxCocoa (6.5.0):
    - RxRelay (= 6.5.0)
    - RxSwift (= 6.5.0)
  - RxRelay (6.5.0):
    - RxSwift (= 6.5.0)
  - RxSwift (6.5.0)
  - SnapKit (5.6.0)
  - SVProgressHUD (2.2.5)
  - SwiftyTimer (2.1.0)
  - ZIPFoundation (0.9.11)

DEPENDENCIES:
  - Files
  - FixedDFUService (~> 4.11.2)
  - "NaptimeFileProtocol (from `git@github.com:EnterTech/Naptime-FileProtocol-iOS.git`, branch `develop`)"
  - PromiseKit (= 6.18.0)
  - RxBluetoothKit_Airthings
  - RxCocoa (= 6.5.0)
  - RxSwift (= 6.5.0)
  - SnapKit
  - SVProgressHUD
  - SwiftyTimer

SPEC REPOS:
  trunk:
    - Files
    - FixedDFUService
    - PromiseKit
    - RxBluetoothKit_Airthings
    - RxCocoa
    - RxRelay
    - RxSwift
    - SnapKit
    - SVProgressHUD
    - SwiftyTimer
    - ZIPFoundation

EXTERNAL SOURCES:
  NaptimeFileProtocol:
    :branch: develop
    :git: "git@github.com:EnterTech/Naptime-FileProtocol-iOS.git"

CHECKOUT OPTIONS:
  NaptimeFileProtocol:
    :commit: 41e0c03e5097cee50450e229298a599ff37a80f7
    :git: "git@github.com:EnterTech/Naptime-FileProtocol-iOS.git"

SPEC CHECKSUMS:
  Files: d88e31b84d65e754935053b1c584ea8e2320698a
  FixedDFUService: 7e6c2056df8b4d5e585fb9e012849613f91b6e8f
  NaptimeFileProtocol: c0c0fada1f62c4d52f53ed66172ff413468a4e92
  PromiseKit: 879fa89b55fcb8f11ade9aad0c9721850bb71b9f
  RxBluetoothKit_Airthings: 2fbc946605b4064d3bf46cefe294fe60f5585ff5
  RxCocoa: 94f817b71c07517321eb4f9ad299112ca8af743b
  RxRelay: 1de1523e604c72b6c68feadedd1af3b1b4d0ecbd
  RxSwift: 5710a9e6b17f3c3d6e40d6e559b9fa1e813b2ef8
  SnapKit: e01d52ebb8ddbc333eefe2132acf85c8227d9c25
  SVProgressHUD: 1428aafac632c1f86f62aa4243ec12008d7a51d6
  SwiftyTimer: 02dd6cf10cbc71cbf67cec494f6e5eb782102543
  ZIPFoundation: b1f0de4eed33e74a676f76e12559ab6b75990197

PODFILE CHECKSUM: 119d406942f229194c3fa323adcadba601aa9163

COCOAPODS: 1.15.2
